
Microsoft Visual Studio Solution File, Format Version 12.00
# Visual Studio 15
VisualStudioVersion = 15.0.27130.2027
MinimumVisualStudioVersion = 10.0.40219.1
Project("{FAE04EC0-301F-11D3-BF4B-00C04F79EFBC}") = "MathsLibrary", "MathsLibrary\MathsLibrary.csproj", "{77A09F2A-F5E9-46FA-9516-94AC92C55AE5}"
EndProject
Project("{FAE04EC0-301F-11D3-BF4B-00C04F79EFBC}") = "ClientSOAP", "ClientSOAP\ClientSOAP.csproj", "{ACF1AC29-9E09-4B60-919F-A4FB4B4F5A18}"
	ProjectSection(ProjectDependencies) = postProject
		{77A09F2A-F5E9-46FA-9516-94AC92C55AE5} = {77A09F2A-F5E9-46FA-9516-94AC92C55AE5}
	EndProjectSection
EndProject
Global
	GlobalSection(SolutionConfigurationPlatforms) = preSolution
		Debug|Any CPU = Debug|Any CPU
		Release|Any CPU = Release|Any CPU
	EndGlobalSection
	GlobalSection(ProjectConfigurationPlatforms) = postSolution
		{77A09F2A-F5E9-46FA-9516-94AC92C55AE5}.Debug|Any CPU.ActiveCfg = Debug|Any CPU
		{77A09F2A-F5E9-46FA-9516-94AC92C55AE5}.Debug|Any CPU.Build.0 = Debug|Any CPU
		{77A09F2A-F5E9-46FA-9516-94AC92C55AE5}.Release|Any CPU.ActiveCfg = Release|Any CPU
		{77A09F2A-F5E9-46FA-9516-94AC92C55AE5}.Release|Any CPU.Build.0 = Release|Any CPU
		{ACF1AC29-9E09-4B60-919F-A4FB4B4F5A18}.Debug|Any CPU.ActiveCfg = Debug|Any CPU
		{ACF1AC29-9E09-4B60-919F-A4FB4B4F5A18}.Debug|Any CPU.Build.0 = Debug|Any CPU
		{ACF1AC29-9E09-4B60-919F-A4FB4B4F5A18}.Release|Any CPU.ActiveCfg = Release|Any CPU
		{ACF1AC29-9E09-4B60-919F-A4FB4B4F5A18}.Release|Any CPU.Build.0 = Release|Any CPU
	EndGlobalSection
	GlobalSection(SolutionProperties) = preSolution
		HideSolutionNode = FALSE
	EndGlobalSection
	GlobalSection(ExtensibilityGlobals) = postSolution
		SolutionGuid = {AA26DD3C-5862-47A7-A53A-9F1AD6CA83D1}
	EndGlobalSection
EndGlobal
